
Microsoft Visual Studio Solution File, Format Version 9.00
# Visual Studio 2005
Project("{6989167D-11E4-40FE-8C1A-2192A86A7E90}") = "advect", "advect.vfproj", "{28459FF2-3C6C-469E-B0C3-2E4D483E7025}"
EndProject
Global
	GlobalSection(SolutionConfigurationPlatforms) = preSolution
		Debug|Win32 = Debug|Win32
		DebugDll|Win32 = DebugDll|Win32
		Release|Win32 = Release|Win32
		ReleaseDll|Win32 = ReleaseDll|Win32
	EndGlobalSection
	GlobalSection(ProjectConfigurationPlatforms) = postSolution
		{28459FF2-3C6C-469E-B0C3-2E4D483E7025}.Debug|Win32.ActiveCfg = Debug|Win32
		{28459FF2-3C6C-469E-B0C3-2E4D483E7025}.Debug|Win32.Build.0 = Debug|Win32
		{28459FF2-3C6C-469E-B0C3-2E4D483E7025}.DebugDll|Win32.ActiveCfg = DebugDll|Win32
		{28459FF2-3C6C-469E-B0C3-2E4D483E7025}.DebugDll|Win32.Build.0 = DebugDll|Win32
		{28459FF2-3C6C-469E-B0C3-2E4D483E7025}.Release|Win32.ActiveCfg = Release|Win32
		{28459FF2-3C6C-469E-B0C3-2E4D483E7025}.Release|Win32.Build.0 = Release|Win32
		{28459FF2-3C6C-469E-B0C3-2E4D483E7025}.ReleaseDll|Win32.ActiveCfg = ReleaseDll|Win32
		{28459FF2-3C6C-469E-B0C3-2E4D483E7025}.ReleaseDll|Win32.Build.0 = ReleaseDll|Win32
	EndGlobalSection
	GlobalSection(SolutionProperties) = preSolution
		HideSolutionNode = FALSE
	EndGlobalSection
EndGlobal
